// !$*UTF8*$!
{
	archiveVersion = 1;
	classes = {
	};
	objectVersion = 50;
	objects = {

/* Begin PBXBuildFile section */
		BAB57C4D26D870B2008CF8D3 /* OrderUpApp.swift in Sources */ = {isa = PBXBuildFile; fileRef = BAB57C3A26D870B2008CF8D3 /* OrderUpApp.swift */; };
		BAB57C4E26D870B2008CF8D3 /* OrderUpApp.swift in Sources */ = {isa = PBXBuildFile; fileRef = BAB57C3A26D870B2008CF8D3 /* OrderUpApp.swift */; };
		BAB57C4F26D870B2008CF8D3 /* ContentView.swift in Sources */ = {isa = PBXBuildFile; fileRef = BAB57C3B26D870B2008CF8D3 /* ContentView.swift */; };
		BAB57C5026D870B2008CF8D3 /* ContentView.swift in Sources */ = {isa = PBXBuildFile; fileRef = BAB57C3B26D870B2008CF8D3 /* ContentView.swift */; };
		BAB57C5126D870B2008CF8D3 /* Assets.xcassets in Resources */ = {isa = PBXBuildFile; fileRef = BAB57C3C26D870B2008CF8D3 /* Assets.xcassets */; };
		BAB57C5226D870B2008CF8D3 /* Assets.xcassets in Resources */ = {isa = PBXBuildFile; fileRef = BAB57C3C26D870B2008CF8D3 /* Assets.xcassets */; };
/* End PBXBuildFile section */

/* Begin PBXFileReference section */
		BAB57C3A26D870B2008CF8D3 /* OrderUpApp.swift */ = {isa = PBXFileReference; lastKnownFileType = sourcecode.swift; path = OrderUpApp.swift; sourceTree = "<group>"; };
		BAB57C3B26D870B2008CF8D3 /* ContentView.swift */ = {isa = PBXFileReference; lastKnownFileType = sourcecode.swift; path = ContentView.swift; sourceTree = "<group>"; };
		BAB57C3C26D870B2008CF8D3 /* Assets.xcassets */ = {isa = PBXFileReference; lastKnownFileType = folder.assetcatalog; path = Assets.xcassets; sourceTree = "<group>"; };
		BAB57C4126D870B2008CF8D3 /* OrderUp.app */ = {isa = PBXFileReference; explicitFileType = wrapper.application; includeInIndex = 0; path = OrderUp.app; sourceTree = BUILT_PRODUCTS_DIR; };
		BAB57C4426D870B2008CF8D3 /* Info.plist */ = {isa = PBXFileReference; lastKnownFileType = text.plist.xml; path = Info.plist; sourceTree = "<group>"; };
		BAB57C4926D870B2008CF8D3 /* OrderUp.app */ = {isa = PBXFileReference; explicitFileType = wrapper.application; includeInIndex = 0; path = OrderUp.app; sourceTree = BUILT_PRODUCTS_DIR; };
		BAB57C4B26D870B2008CF8D3 /* Info.plist */ = {isa = PBXFileReference; lastKnownFileType = text.plist.xml; path = Info.plist; sourceTree = "<group>"; };
		BAB57C4C26D870B2008CF8D3 /* macOS.entitlements */ = {isa = PBXFileReference; lastKnownFileType = text.plist.entitlements; path = macOS.entitlements; sourceTree = "<group>"; };
/* End PBXFileReference section */

/* Begin PBXFrameworksBuildPhase section */
		BAB57C3E26D870B2008CF8D3 /* Frameworks */ = {
			isa = PBXFrameworksBuildPhase;
			buildActionMask = 2147483647;
			files = (
			);
			runOnlyForDeploymentPostprocessing = 0;
		};
		BAB57C4626D870B2008CF8D3 /* Frameworks */ = {
			isa = PBXFrameworksBuildPhase;
			buildActionMask = 2147483647;
			files = (
			);
			runOnlyForDeploymentPostprocessing = 0;
		};
/* End PBXFrameworksBuildPhase section */

/* Begin PBXGroup section */
		BAB57C3426D870B2008CF8D3 = {
			isa = PBXGroup;
			children = (
				BAB57C3926D870B2008CF8D3 /* Shared */,
				BAB57C4326D870B2008CF8D3 /* iOS */,
				BAB57C4A26D870B2008CF8D3 /* macOS */,
				BAB57C4226D870B2008CF8D3 /* Products */,
			);
			sourceTree = "<group>";
		};
		BAB57C3926D870B2008CF8D3 /* Shared */ = {
			isa = PBXGroup;
			children = (
				BAB57C3A26D870B2008CF8D3 /* OrderUpApp.swift */,
				BAB57C3B26D870B2008CF8D3 /* ContentView.swift */,
				BAB57C3C26D870B2008CF8D3 /* Assets.xcassets */,
			);
			path = Shared;
			sourceTree = "<group>";
		};
		BAB57C4226D870B2008CF8D3 /* Products */ = {
			isa = PBXGroup;
			children = (
				BAB57C4126D870B2008CF8D3 /* OrderUp.app */,
				BAB57C4926D870B2008CF8D3 /* OrderUp.app */,
			);
			name = Products;
			sourceTree = "<group>";
		};
		BAB57C4326D870B2008CF8D3 /* iOS */ = {
			isa = PBXGroup;
			children = (
				BAB57C4426D870B2008CF8D3 /* Info.plist */,
			);
			path = iOS;
			sourceTree = "<group>";
		};
		BAB57C4A26D870B2008CF8D3 /* macOS */ = {
			isa = PBXGroup;
			children = (
				BAB57C4B26D870B2008CF8D3 /* Info.plist */,
				BAB57C4C26D870B2008CF8D3 /* macOS.entitlements */,
			);
			path = macOS;
			sourceTree = "<group>";
		};
/* End PBXGroup section */

/* Begin PBXNativeTarget section */
		BAB57C4026D870B2008CF8D3 /* OrderUp (iOS) */ = {
			isa = PBXNativeTarget;
			buildConfigurationList = BAB57C5526D870B2008CF8D3 /* Build configuration list for PBXNativeTarget "OrderUp (iOS)" */;
			buildPhases = (
				BAB57C3D26D870B2008CF8D3 /* Sources */,
				BAB57C3E26D870B2008CF8D3 /* Frameworks */,
				BAB57C3F26D870B2008CF8D3 /* Resources */,
			);
			buildRules = (
			);
			dependencies = (
			);
			name = "OrderUp (iOS)";
			productName = "OrderUp (iOS)";
			productReference = BAB57C4126D870B2008CF8D3 /* OrderUp.app */;
			productType = "com.apple.product-type.application";
		};
		BAB57C4826D870B2008CF8D3 /* OrderUp (macOS) */ = {
			isa = PBXNativeTarget;
			buildConfigurationList = BAB57C5826D870B2008CF8D3 /* Build configuration list for PBXNativeTarget "OrderUp (macOS)" */;
			buildPhases = (
				BAB57C4526D870B2008CF8D3 /* Sources */,
				BAB57C4626D870B2008CF8D3 /* Frameworks */,
				BAB57C4726D870B2008CF8D3 /* Resources */,
			);
			buildRules = (
			);
			dependencies = (
			);
			name = "OrderUp (macOS)";
			productName = "OrderUp (macOS)";
			productReference = BAB57C4926D870B2008CF8D3 /* OrderUp.app */;
			productType = "com.apple.product-type.application";
		};
/* End PBXNativeTarget section */

/* Begin PBXProject section */
		BAB57C3526D870B2008CF8D3 /* Project object */ = {
			isa = PBXProject;
			attributes = {
				LastSwiftUpdateCheck = 1250;
				LastUpgradeCheck = 1250;
				TargetAttributes = {
					BAB57C4026D870B2008CF8D3 = {
						CreatedOnToolsVersion = 12.5.1;
					};
					BAB57C4826D870B2008CF8D3 = {
						CreatedOnToolsVersion = 12.5.1;
					};
				};
			};
			buildConfigurationList = BAB57C3826D870B2008CF8D3 /* Build configuration list for PBXProject "OrderUp" */;
			compatibilityVersion = "Xcode 9.3";
			developmentRegion = en;
			hasScannedForEncodings = 0;
			knownRegions = (
				en,
				Base,
			);
			mainGroup = BAB57C3426D870B2008CF8D3;
			productRefGroup = BAB57C4226D870B2008CF8D3 /* Products */;
			projectDirPath = "";
			projectRoot = "";
			targets = (
				BAB57C4026D870B2008CF8D3 /* OrderUp (iOS) */,
				BAB57C4826D870B2008CF8D3 /* OrderUp (macOS) */,
			);
		};
/* End PBXProject section */

/* Begin PBXResourcesBuildPhase section */
		BAB57C3F26D870B2008CF8D3 /* Resources */ = {
			isa = PBXResourcesBuildPhase;
			buildActionMask = 2147483647;
			files = (
				BAB57C5126D870B2008CF8D3 /* Assets.xcassets in Resources */,
			);
			runOnlyForDeploymentPostprocessing = 0;
		};
		BAB57C4726D870B2008CF8D3 /* Resources */ = {
			isa = PBXResourcesBuildPhase;
			buildActionMask = 2147483647;
			files = (
				BAB57C5226D870B2008CF8D3 /* Assets.xcassets in Resources */,
			);
			runOnlyForDeploymentPostprocessing = 0;
		};
/* End PBXResourcesBuildPhase section */

/* Begin PBXSourcesBuildPhase section */
		BAB57C3D26D870B2008CF8D3 /* Sources */ = {
			isa = PBXSourcesBuildPhase;
			buildActionMask = 2147483647;
			files = (
				BAB57C4F26D870B2008CF8D3 /* ContentView.swift in Sources */,
				BAB57C4D26D870B2008CF8D3 /* OrderUpApp.swift in Sources */,
			);
			runOnlyForDeploymentPostprocessing = 0;
		};
		BAB57C4526D870B2008CF8D3 /* Sources */ = {
			isa = PBXSourcesBuildPhase;
			buildActionMask = 2147483647;
			files = (
				BAB57C5026D870B2008CF8D3 /* ContentView.swift in Sources */,
				BAB57C4E26D870B2008CF8D3 /* OrderUpApp.swift in Sources */,
			);
			runOnlyForDeploymentPostprocessing = 0;
		};
/* End PBXSourcesBuildPhase section */

/* Begin XCBuildConfiguration section */
		BAB57C5326D870B2008CF8D3 /* Debug */ = {
			isa = XCBuildConfiguration;
			buildSettings = {
				ALWAYS_SEARCH_USER_PATHS = NO;
				CLANG_ANALYZER_NONNULL = YES;
				CLANG_ANALYZER_NUMBER_OBJECT_CONVERSION = YES_AGGRESSIVE;
				CLANG_CXX_LANGUAGE_STANDARD = "gnu++14";
				CLANG_CXX_LIBRARY = "libc++";
				CLANG_ENABLE_MODULES = YES;
				CLANG_ENABLE_OBJC_ARC = YES;
				CLANG_ENABLE_OBJC_WEAK = YES;
				CLANG_WARN_BLOCK_CAPTURE_AUTORELEASING = YES;
				CLANG_WARN_BOOL_CONVERSION = YES;
				CLANG_WARN_COMMA = YES;
				CLANG_WARN_CONSTANT_CONVERSION = YES;
				CLANG_WARN_DEPRECATED_OBJC_IMPLEMENTATIONS = YES;
				CLANG_WARN_DIRECT_OBJC_ISA_USAGE = YES_ERROR;
				CLANG_WARN_DOCUMENTATION_COMMENTS = YES;
				CLANG_WARN_EMPTY_BODY = YES;
				CLANG_WARN_ENUM_CONVERSION = YES;
				CLANG_WARN_INFINITE_RECURSION = YES;
				CLANG_WARN_INT_CONVERSION = YES;
				CLANG_WARN_NON_LITERAL_NULL_CONVERSION = YES;
				CLANG_WARN_OBJC_IMPLICIT_RETAIN_SELF = YES;
				CLANG_WARN_OBJC_LITERAL_CONVERSION = YES;
				CLANG_WARN_OBJC_ROOT_CLASS = YES_ERROR;
				CLANG_WARN_QUOTED_INCLUDE_IN_FRAMEWORK_HEADER = YES;
				CLANG_WARN_RANGE_LOOP_ANALYSIS = YES;
				CLANG_WARN_STRICT_PROTOTYPES = YES;
				CLANG_WARN_SUSPICIOUS_MOVE = YES;
				CLANG_WARN_UNGUARDED_AVAILABILITY = YES_AGGRESSIVE;
				CLANG_WARN_UNREACHABLE_CODE = YES;
				CLANG_WARN__DUPLICATE_METHOD_MATCH = YES;
				COPY_PHASE_STRIP = NO;
				DEBUG_INFORMATION_FORMAT = dwarf;
				ENABLE_STRICT_OBJC_MSGSEND = YES;
				ENABLE_TESTABILITY = YES;
				GCC_C_LANGUAGE_STANDARD = gnu11;
				GCC_DYNAMIC_NO_PIC = NO;
				GCC_NO_COMMON_BLOCKS = YES;
				GCC_OPTIMIZATION_LEVEL = 0;
				GCC_PREPROCESSOR_DEFINITIONS = (
					"DEBUG=1",
					"$(inherited)",
				);
				GCC_WARN_64_TO_32_BIT_CONVERSION = YES;
				GCC_WARN_ABOUT_RETURN_TYPE = YES_ERROR;
				GCC_WARN_UNDECLARED_SELECTOR = YES;
				GCC_WARN_UNINITIALIZED_AUTOS = YES_AGGRESSIVE;
				GCC_WARN_UNUSED_FUNCTION = YES;
				GCC_WARN_UNUSED_VARIABLE = YES;
				MTL_ENABLE_DEBUG_INFO = INCLUDE_SOURCE;
				MTL_FAST_MATH = YES;
				ONLY_ACTIVE_ARCH = YES;
				SWIFT_ACTIVE_COMPILATION_CONDITIONS = DEBUG;
				SWIFT_OPTIMIZATION_LEVEL = "-Onone";
			};
			name = Debug;
		};
		BAB57C5426D870B2008CF8D3 /* Release */ = {
			isa = XCBuildConfiguration;
			buildSettings = {
				ALWAYS_SEARCH_USER_PATHS = NO;
				CLANG_ANALYZER_NONNULL = YES;
				CLANG_ANALYZER_NUMBER_OBJECT_CONVERSION = YES_AGGRESSIVE;
				CLANG_CXX_LANGUAGE_STANDARD = "gnu++14";
				CLANG_CXX_LIBRARY = "libc++";
				CLANG_ENABLE_MODULES = YES;
				CLANG_ENABLE_OBJC_ARC = YES;
				CLANG_ENABLE_OBJC_WEAK = YES;
				CLANG_WARN_BLOCK_CAPTURE_AUTORELEASING = YES;
				CLANG_WARN_BOOL_CONVERSION = YES;
				CLANG_WARN_COMMA = YES;
				CLANG_WARN_CONSTANT_CONVERSION = YES;
				CLANG_WARN_DEPRECATED_OBJC_IMPLEMENTATIONS = YES;
				CLANG_WARN_DIRECT_OBJC_ISA_USAGE = YES_ERROR;
				CLANG_WARN_DOCUMENTATION_COMMENTS = YES;
				CLANG_WARN_EMPTY_BODY = YES;
				CLANG_WARN_ENUM_CONVERSION = YES;
				CLANG_WARN_INFINITE_RECURSION = YES;
				CLANG_WARN_INT_CONVERSION = YES;
				CLANG_WARN_NON_LITERAL_NULL_CONVERSION = YES;
				CLANG_WARN_OBJC_IMPLICIT_RETAIN_SELF = YES;
				CLANG_WARN_OBJC_LITERAL_CONVERSION = YES;
				CLANG_WARN_OBJC_ROOT_CLASS = YES_ERROR;
				CLANG_WARN_QUOTED_INCLUDE_IN_FRAMEWORK_HEADER = YES;
				CLANG_WARN_RANGE_LOOP_ANALYSIS = YES;
				CLANG_WARN_STRICT_PROTOTYPES = YES;
				CLANG_WARN_SUSPICIOUS_MOVE = YES;
				CLANG_WARN_UNGUARDED_AVAILABILITY = YES_AGGRESSIVE;
				CLANG_WARN_UNREACHABLE_CODE = YES;
				CLANG_WARN__DUPLICATE_METHOD_MATCH = YES;
				COPY_PHASE_STRIP = NO;
				DEBUG_INFORMATION_FORMAT = "dwarf-with-dsym";
				ENABLE_NS_ASSERTIONS = NO;
				ENABLE_STRICT_OBJC_MSGSEND = YES;
				GCC_C_LANGUAGE_STANDARD = gnu11;
				GCC_NO_COMMON_BLOCKS = YES;
				GCC_WARN_64_TO_32_BIT_CONVERSION = YES;
				GCC_WARN_ABOUT_RETURN_TYPE = YES_ERROR;
				GCC_WARN_UNDECLARED_SELECTOR = YES;
				GCC_WARN_UNINITIALIZED_AUTOS = YES_AGGRESSIVE;
				GCC_WARN_UNUSED_FUNCTION = YES;
				GCC_WARN_UNUSED_VARIABLE = YES;
				MTL_ENABLE_DEBUG_INFO = NO;
				MTL_FAST_MATH = YES;
				SWIFT_COMPILATION_MODE = wholemodule;
				SWIFT_OPTIMIZATION_LEVEL = "-O";
			};
			name = Release;
		};
		BAB57C5626D870B2008CF8D3 /* Debug */ = {
			isa = XCBuildConfiguration;
			buildSettings = {
				ASSETCATALOG_COMPILER_APPICON_NAME = AppIcon;
				ASSETCATALOG_COMPILER_GLOBAL_ACCENT_COLOR_NAME = AccentColor;
				CODE_SIGN_STYLE = Automatic;
				ENABLE_PREVIEWS = YES;
				INFOPLIST_FILE = iOS/Info.plist;
				IPHONEOS_DEPLOYMENT_TARGET = 14.0;
				LD_RUNPATH_SEARCH_PATHS = (
					"$(inherited)",
					"@executable_path/Frameworks",
				);
				PRODUCT_BUNDLE_IDENTIFIER = me.mshayanh13.OrderUp;
				PRODUCT_NAME = OrderUp;
				SDKROOT = iphoneos;
				SWIFT_VERSION = 5.0;
				TARGETED_DEVICE_FAMILY = "1,2";
			};
			name = Debug;
		};
		BAB57C5726D870B2008CF8D3 /* Release */ = {
			isa = XCBuildConfiguration;
			buildSettings = {
				ASSETCATALOG_COMPILER_APPICON_NAME = AppIcon;
				ASSETCATALOG_COMPILER_GLOBAL_ACCENT_COLOR_NAME = AccentColor;
				CODE_SIGN_STYLE = Automatic;
				ENABLE_PREVIEWS = YES;
				INFOPLIST_FILE = iOS/Info.plist;
				IPHONEOS_DEPLOYMENT_TARGET = 14.0;
				LD_RUNPATH_SEARCH_PATHS = (
					"$(inherited)",
					"@executable_path/Frameworks",
				);
				PRODUCT_BUNDLE_IDENTIFIER = me.mshayanh13.OrderUp;
				PRODUCT_NAME = OrderUp;
				SDKROOT = iphoneos;
				SWIFT_VERSION = 5.0;
				TARGETED_DEVICE_FAMILY = "1,2";
				VALIDATE_PRODUCT = YES;
			};
			name = Release;
		};
		BAB57C5926D870B2008CF8D3 /* Debug */ = {
			isa = XCBuildConfiguration;
			buildSettings = {
				ASSETCATALOG_COMPILER_APPICON_NAME = AppIcon;
				ASSETCATALOG_COMPILER_GLOBAL_ACCENT_COLOR_NAME = AccentColor;
				CODE_SIGN_ENTITLEMENTS = macOS/macOS.entitlements;
				CODE_SIGN_STYLE = Automatic;
				COMBINE_HIDPI_IMAGES = YES;
				ENABLE_PREVIEWS = YES;
				INFOPLIST_FILE = macOS/Info.plist;
				LD_RUNPATH_SEARCH_PATHS = (
					"$(inherited)",
					"@executable_path/../Frameworks",
				);
				MACOSX_DEPLOYMENT_TARGET = 11.0;
				PRODUCT_BUNDLE_IDENTIFIER = me.mshayanh13.OrderUp;
				PRODUCT_NAME = OrderUp;
				SDKROOT = macosx;
				SWIFT_VERSION = 5.0;
			};
			name = Debug;
		};
		BAB57C5A26D870B2008CF8D3 /* Release */ = {
			isa = XCBuildConfiguration;
			buildSettings = {
				ASSETCATALOG_COMPILER_APPICON_NAME = AppIcon;
				ASSETCATALOG_COMPILER_GLOBAL_ACCENT_COLOR_NAME = AccentColor;
				CODE_SIGN_ENTITLEMENTS = macOS/macOS.entitlements;
				CODE_SIGN_STYLE = Automatic;
				COMBINE_HIDPI_IMAGES = YES;
				ENABLE_PREVIEWS = YES;
				INFOPLIST_FILE = macOS/Info.plist;
				LD_RUNPATH_SEARCH_PATHS = (
					"$(inherited)",
					"@executable_path/../Frameworks",
				);
				MACOSX_DEPLOYMENT_TARGET = 11.0;
				PRODUCT_BUNDLE_IDENTIFIER = me.mshayanh13.OrderUp;
				PRODUCT_NAME = OrderUp;
				SDKROOT = macosx;
				SWIFT_VERSION = 5.0;
			};
			name = Release;
		};
/* End XCBuildConfiguration section */

/* Begin XCConfigurationList section */
		BAB57C3826D870B2008CF8D3 /* Build configuration list for PBXProject "OrderUp" */ = {
			isa = XCConfigurationList;
			buildConfigurations = (
				BAB57C5326D870B2008CF8D3 /* Debug */,
				BAB57C5426D870B2008CF8D3 /* Release */,
			);
			defaultConfigurationIsVisible = 0;
			defaultConfigurationName = Release;
		};
		BAB57C5526D870B2008CF8D3 /* Build configuration list for PBXNativeTarget "OrderUp (iOS)" */ = {
			isa = XCConfigurationList;
			buildConfigurations = (
				BAB57C5626D870B2008CF8D3 /* Debug */,
				BAB57C5726D870B2008CF8D3 /* Release */,
			);
			defaultConfigurationIsVisible = 0;
			defaultConfigurationName = Release;
		};
		BAB57C5826D870B2008CF8D3 /* Build configuration list for PBXNativeTarget "OrderUp (macOS)" */ = {
			isa = XCConfigurationList;
			buildConfigurations = (
				BAB57C5926D870B2008CF8D3 /* Debug */,
				BAB57C5A26D870B2008CF8D3 /* Release */,
			);
			defaultConfigurationIsVisible = 0;
			defaultConfigurationName = Release;
		};
/* End XCConfigurationList section */
	};
	rootObject = BAB57C3526D870B2008CF8D3 /* Project object */;
}
